// !$*UTF8*$!
{
	archiveVersion = 1;
	classes = {
	};
	objectVersion = 46;
	objects = {

/* Begin PBXBuildFile section */
		A630FE561BD73E2400F4EB28 /* MyToolDetailsViewController.m in Sources */ = {isa = PBXBuildFile; fileRef = A630FE551BD73E2400F4EB28 /* MyToolDetailsViewController.m */; settings = {ASSET_TAGS = (); }; };
		A63558821BB2034600C5276C /* main.m in Sources */ = {isa = PBXBuildFile; fileRef = A63558811BB2034600C5276C /* main.m */; };
		A63558851BB2034600C5276C /* AppDelegate.m in Sources */ = {isa = PBXBuildFile; fileRef = A63558841BB2034600C5276C /* AppDelegate.m */; };
		A635588E1BB2034600C5276C /* Main.storyboard in Resources */ = {isa = PBXBuildFile; fileRef = A635588C1BB2034600C5276C /* Main.storyboard */; };
		A63558901BB2034600C5276C /* Assets.xcassets in Resources */ = {isa = PBXBuildFile; fileRef = A635588F1BB2034600C5276C /* Assets.xcassets */; };
		A63558931BB2034600C5276C /* LaunchScreen.storyboard in Resources */ = {isa = PBXBuildFile; fileRef = A63558911BB2034600C5276C /* LaunchScreen.storyboard */; };
		A635589C1BB204CD00C5276C /* SettingsUITableViewController.m in Sources */ = {isa = PBXBuildFile; fileRef = A635589B1BB204CD00C5276C /* SettingsUITableViewController.m */; settings = {ASSET_TAGS = (); }; };
		A639EE3D1BCDE5DA002B1FE6 /* MyToolsTableViewController.m in Sources */ = {isa = PBXBuildFile; fileRef = A639EE3C1BCDE5DA002B1FE6 /* MyToolsTableViewController.m */; settings = {ASSET_TAGS = (); }; };
		A639EE431BCE0FA1002B1FE6 /* power tool.jpeg in Resources */ = {isa = PBXBuildFile; fileRef = A639EE421BCE0FA1002B1FE6 /* power tool.jpeg */; settings = {ASSET_TAGS = (); }; };
		A64A6F721BB21852008F13B1 /* RegisterViewController.m in Sources */ = {isa = PBXBuildFile; fileRef = A64A6F711BB21852008F13B1 /* RegisterViewController.m */; settings = {ASSET_TAGS = (); }; };
		A64A6F751BB21A90008F13B1 /* Communicator.m in Sources */ = {isa = PBXBuildFile; fileRef = A64A6F741BB21A90008F13B1 /* Communicator.m */; settings = {ASSET_TAGS = (); }; };
		A64A6F791BB2703A008F13B1 /* work-in-progress.png in Resources */ = {isa = PBXBuildFile; fileRef = A64A6F781BB2703A008F13B1 /* work-in-progress.png */; settings = {ASSET_TAGS = (); }; };
		A662B1271BB2F2F80056B702 /* LoginViewController.m in Sources */ = {isa = PBXBuildFile; fileRef = A662B1261BB2F2F80056B702 /* LoginViewController.m */; settings = {ASSET_TAGS = (); }; };
		A662B12F1BB2FAEF0056B702 /* login.png in Resources */ = {isa = PBXBuildFile; fileRef = A662B12E1BB2FAEF0056B702 /* login.png */; settings = {ASSET_TAGS = (); }; };
		A662B1311BB2FAFF0056B702 /* register.png in Resources */ = {isa = PBXBuildFile; fileRef = A662B1301BB2FAFF0056B702 /* register.png */; settings = {ASSET_TAGS = (); }; };
		A662B1331BB2FB020056B702 /* logout.png in Resources */ = {isa = PBXBuildFile; fileRef = A662B1321BB2FB020056B702 /* logout.png */; settings = {ASSET_TAGS = (); }; };
		A662B1351BB2FB790056B702 /* help.png in Resources */ = {isa = PBXBuildFile; fileRef = A662B1341BB2FB790056B702 /* help.png */; settings = {ASSET_TAGS = (); }; };
		A662B1371BB2FBC20056B702 /* information.png in Resources */ = {isa = PBXBuildFile; fileRef = A662B1361BB2FBC20056B702 /* information.png */; settings = {ASSET_TAGS = (); }; };
		A662B1391BB2FBDE0056B702 /* faq.png in Resources */ = {isa = PBXBuildFile; fileRef = A662B1381BB2FBDE0056B702 /* faq.png */; settings = {ASSET_TAGS = (); }; };
		A6C1C27F1BD4612A005492A1 /* PublicToolsTableViewController.m in Sources */ = {isa = PBXBuildFile; fileRef = A6C1C27E1BD4612A005492A1 /* PublicToolsTableViewController.m */; settings = {ASSET_TAGS = (); }; };
		A6C1C2821BD469AF005492A1 /* PublicToolDetailsViewController.m in Sources */ = {isa = PBXBuildFile; fileRef = A6C1C2811BD469AF005492A1 /* PublicToolDetailsViewController.m */; settings = {ASSET_TAGS = (); }; };
		A6C1C2851BD47B9C005492A1 /* AddToolViewController.m in Sources */ = {isa = PBXBuildFile; fileRef = A6C1C2841BD47B9C005492A1 /* AddToolViewController.m */; settings = {ASSET_TAGS = (); }; };
/* End PBXBuildFile section */

/* Begin PBXFileReference section */
		A630FE541BD73E2400F4EB28 /* MyToolDetailsViewController.h */ = {isa = PBXFileReference; fileEncoding = 4; lastKnownFileType = sourcecode.c.h; path = MyToolDetailsViewController.h; sourceTree = "<group>"; };
		A630FE551BD73E2400F4EB28 /* MyToolDetailsViewController.m */ = {isa = PBXFileReference; fileEncoding = 4; lastKnownFileType = sourcecode.c.objc; path = MyToolDetailsViewController.m; sourceTree = "<group>"; };
		A635587D1BB2034600C5276C /* PTS1.app */ = {isa = PBXFileReference; explicitFileType = wrapper.application; includeInIndex = 0; path = PTS1.app; sourceTree = BUILT_PRODUCTS_DIR; };
		A63558811BB2034600C5276C /* main.m */ = {isa = PBXFileReference; lastKnownFileType = sourcecode.c.objc; path = main.m; sourceTree = "<group>"; };
		A63558831BB2034600C5276C /* AppDelegate.h */ = {isa = PBXFileReference; lastKnownFileType = sourcecode.c.h; path = AppDelegate.h; sourceTree = "<group>"; };
		A63558841BB2034600C5276C /* AppDelegate.m */ = {isa = PBXFileReference; lastKnownFileType = sourcecode.c.objc; path = AppDelegate.m; sourceTree = "<group>"; };
		A635588D1BB2034600C5276C /* Base */ = {isa = PBXFileReference; lastKnownFileType = file.storyboard; name = Base; path = Base.lproj/Main.storyboard; sourceTree = "<group>"; };
		A635588F1BB2034600C5276C /* Assets.xcassets */ = {isa = PBXFileReference; lastKnownFileType = folder.assetcatalog; path = Assets.xcassets; sourceTree = "<group>"; };
		A63558921BB2034600C5276C /* Base */ = {isa = PBXFileReference; lastKnownFileType = file.storyboard; name = Base; path = Base.lproj/LaunchScreen.storyboard; sourceTree = "<group>"; };
		A63558941BB2034600C5276C /* Info.plist */ = {isa = PBXFileReference; lastKnownFileType = text.plist.xml; path = Info.plist; sourceTree = "<group>"; };
		A635589A1BB204CD00C5276C /* SettingsUITableViewController.h */ = {isa = PBXFileReference; fileEncoding = 4; lastKnownFileType = sourcecode.c.h; path = SettingsUITableViewController.h; sourceTree = "<group>"; };
		A635589B1BB204CD00C5276C /* SettingsUITableViewController.m */ = {isa = PBXFileReference; fileEncoding = 4; lastKnownFileType = sourcecode.c.objc; path = SettingsUITableViewController.m; sourceTree = "<group>"; };
		A639EE3B1BCDE5DA002B1FE6 /* MyToolsTableViewController.h */ = {isa = PBXFileReference; fileEncoding = 4; lastKnownFileType = sourcecode.c.h; name = MyToolsTableViewController.h; path = ../MyToolsTableViewController.h; sourceTree = "<group>"; };
		A639EE3C1BCDE5DA002B1FE6 /* MyToolsTableViewController.m */ = {isa = PBXFileReference; fileEncoding = 4; lastKnownFileType = sourcecode.c.objc; name = MyToolsTableViewController.m; path = ../MyToolsTableViewController.m; sourceTree = "<group>"; };
		A639EE421BCE0FA1002B1FE6 /* power tool.jpeg */ = {isa = PBXFileReference; lastKnownFileType = image.jpeg; path = "power tool.jpeg"; sourceTree = "<group>"; };
		A64A6F701BB21852008F13B1 /* RegisterViewController.h */ = {isa = PBXFileReference; fileEncoding = 4; lastKnownFileType = sourcecode.c.h; path = RegisterViewController.h; sourceTree = "<group>"; };
		A64A6F711BB21852008F13B1 /* RegisterViewController.m */ = {isa = PBXFileReference; fileEncoding = 4; lastKnownFileType = sourcecode.c.objc; path = RegisterViewController.m; sourceTree = "<group>"; };
		A64A6F731BB21A90008F13B1 /* Communicator.h */ = {isa = PBXFileReference; fileEncoding = 4; lastKnownFileType = sourcecode.c.h; path = Communicator.h; sourceTree = "<group>"; };
		A64A6F741BB21A90008F13B1 /* Communicator.m */ = {isa = PBXFileReference; fileEncoding = 4; lastKnownFileType = sourcecode.c.objc; path = Communicator.m; sourceTree = "<group>"; };
		A64A6F781BB2703A008F13B1 /* work-in-progress.png */ = {isa = PBXFileReference; lastKnownFileType = image.png; path = "work-in-progress.png"; sourceTree = "<group>"; };
		A662B1251BB2F2F80056B702 /* LoginViewController.h */ = {isa = PBXFileReference; fileEncoding = 4; lastKnownFileType = sourcecode.c.h; path = LoginViewController.h; sourceTree = "<group>"; };
		A662B1261BB2F2F80056B702 /* LoginViewController.m */ = {isa = PBXFileReference; fileEncoding = 4; lastKnownFileType = sourcecode.c.objc; path = LoginViewController.m; sourceTree = "<group>"; };
		A662B12E1BB2FAEF0056B702 /* login.png */ = {isa = PBXFileReference; lastKnownFileType = image.png; path = login.png; sourceTree = "<group>"; };
		A662B1301BB2FAFF0056B702 /* register.png */ = {isa = PBXFileReference; lastKnownFileType = image.png; path = register.png; sourceTree = "<group>"; };
		A662B1321BB2FB020056B702 /* logout.png */ = {isa = PBXFileReference; lastKnownFileType = image.png; path = logout.png; sourceTree = "<group>"; };
		A662B1341BB2FB790056B702 /* help.png */ = {isa = PBXFileReference; lastKnownFileType = image.png; path = help.png; sourceTree = "<group>"; };
		A662B1361BB2FBC20056B702 /* information.png */ = {isa = PBXFileReference; lastKnownFileType = image.png; path = information.png; sourceTree = "<group>"; };
		A662B1381BB2FBDE0056B702 /* faq.png */ = {isa = PBXFileReference; lastKnownFileType = image.png; path = faq.png; sourceTree = "<group>"; };
		A6C1C27D1BD4612A005492A1 /* PublicToolsTableViewController.h */ = {isa = PBXFileReference; fileEncoding = 4; lastKnownFileType = sourcecode.c.h; path = PublicToolsTableViewController.h; sourceTree = "<group>"; };
		A6C1C27E1BD4612A005492A1 /* PublicToolsTableViewController.m */ = {isa = PBXFileReference; fileEncoding = 4; lastKnownFileType = sourcecode.c.objc; path = PublicToolsTableViewController.m; sourceTree = "<group>"; };
		A6C1C2801BD469AF005492A1 /* PublicToolDetailsViewController.h */ = {isa = PBXFileReference; fileEncoding = 4; lastKnownFileType = sourcecode.c.h; path = PublicToolDetailsViewController.h; sourceTree = "<group>"; };
		A6C1C2811BD469AF005492A1 /* PublicToolDetailsViewController.m */ = {isa = PBXFileReference; fileEncoding = 4; lastKnownFileType = sourcecode.c.objc; path = PublicToolDetailsViewController.m; sourceTree = "<group>"; };
		A6C1C2831BD47B9C005492A1 /* AddToolViewController.h */ = {isa = PBXFileReference; fileEncoding = 4; lastKnownFileType = sourcecode.c.h; path = AddToolViewController.h; sourceTree = "<group>"; };
		A6C1C2841BD47B9C005492A1 /* AddToolViewController.m */ = {isa = PBXFileReference; fileEncoding = 4; lastKnownFileType = sourcecode.c.objc; path = AddToolViewController.m; sourceTree = "<group>"; };
/* End PBXFileReference section */

/* Begin PBXFrameworksBuildPhase section */
		A635587A1BB2034600C5276C /* Frameworks */ = {
			isa = PBXFrameworksBuildPhase;
			buildActionMask = 2147483647;
			files = (
			);
			runOnlyForDeploymentPostprocessing = 0;
		};
/* End PBXFrameworksBuildPhase section */

/* Begin PBXGroup section */
		A63558741BB2034600C5276C = {
			isa = PBXGroup;
			children = (
				A635587F1BB2034600C5276C /* PTS1 */,
				A635587E1BB2034600C5276C /* Products */,
			);
			sourceTree = "<group>";
		};
		A635587E1BB2034600C5276C /* Products */ = {
			isa = PBXGroup;
			children = (
				A635587D1BB2034600C5276C /* PTS1.app */,
			);
			name = Products;
			sourceTree = "<group>";
		};
		A635587F1BB2034600C5276C /* PTS1 */ = {
			isa = PBXGroup;
			children = (
				A63558831BB2034600C5276C /* AppDelegate.h */,
				A63558841BB2034600C5276C /* AppDelegate.m */,
				A64A6F731BB21A90008F13B1 /* Communicator.h */,
				A64A6F741BB21A90008F13B1 /* Communicator.m */,
				A6C1C27D1BD4612A005492A1 /* PublicToolsTableViewController.h */,
				A6C1C27E1BD4612A005492A1 /* PublicToolsTableViewController.m */,
				A6C1C2801BD469AF005492A1 /* PublicToolDetailsViewController.h */,
				A6C1C2811BD469AF005492A1 /* PublicToolDetailsViewController.m */,
				A639EE3B1BCDE5DA002B1FE6 /* MyToolsTableViewController.h */,
				A639EE3C1BCDE5DA002B1FE6 /* MyToolsTableViewController.m */,
				A6C1C2831BD47B9C005492A1 /* AddToolViewController.h */,
				A6C1C2841BD47B9C005492A1 /* AddToolViewController.m */,
				A630FE541BD73E2400F4EB28 /* MyToolDetailsViewController.h */,
				A630FE551BD73E2400F4EB28 /* MyToolDetailsViewController.m */,
				A635589A1BB204CD00C5276C /* SettingsUITableViewController.h */,
				A635589B1BB204CD00C5276C /* SettingsUITableViewController.m */,
				A64A6F701BB21852008F13B1 /* RegisterViewController.h */,
				A64A6F711BB21852008F13B1 /* RegisterViewController.m */,
				A662B1251BB2F2F80056B702 /* LoginViewController.h */,
				A662B1261BB2F2F80056B702 /* LoginViewController.m */,
				A635588C1BB2034600C5276C /* Main.storyboard */,
				A635588F1BB2034600C5276C /* Assets.xcassets */,
				A64A6F781BB2703A008F13B1 /* work-in-progress.png */,
				A662B1381BB2FBDE0056B702 /* faq.png */,
				A662B1341BB2FB790056B702 /* help.png */,
				A662B1361BB2FBC20056B702 /* information.png */,
				A662B12E1BB2FAEF0056B702 /* login.png */,
				A662B1321BB2FB020056B702 /* logout.png */,
				A662B1301BB2FAFF0056B702 /* register.png */,
				A639EE421BCE0FA1002B1FE6 /* power tool.jpeg */,
				A63558911BB2034600C5276C /* LaunchScreen.storyboard */,
				A63558941BB2034600C5276C /* Info.plist */,
				A63558801BB2034600C5276C /* Supporting Files */,
			);
			path = PTS1;
			sourceTree = "<group>";
		};
		A63558801BB2034600C5276C /* Supporting Files */ = {
			isa = PBXGroup;
			children = (
				A63558811BB2034600C5276C /* main.m */,
			);
			name = "Supporting Files";
			sourceTree = "<group>";
		};
/* End PBXGroup section */

/* Begin PBXNativeTarget section */
		A635587C1BB2034600C5276C /* PTS1 */ = {
			isa = PBXNativeTarget;
			buildConfigurationList = A63558971BB2034600C5276C /* Build configuration list for PBXNativeTarget "PTS1" */;
			buildPhases = (
				A63558791BB2034600C5276C /* Sources */,
				A635587A1BB2034600C5276C /* Frameworks */,
				A635587B1BB2034600C5276C /* Resources */,
			);
			buildRules = (
			);
			dependencies = (
			);
			name = PTS1;
			productName = PTS1;
			productReference = A635587D1BB2034600C5276C /* PTS1.app */;
			productType = "com.apple.product-type.application";
		};
/* End PBXNativeTarget section */

/* Begin PBXProject section */
		A63558751BB2034600C5276C /* Project object */ = {
			isa = PBXProject;
			attributes = {
				LastUpgradeCheck = 0700;
				ORGANIZATIONNAME = "Asheesh Agarwal";
				TargetAttributes = {
					A635587C1BB2034600C5276C = {
						CreatedOnToolsVersion = 7.0;
						DevelopmentTeam = X378EB65WE;
					};
				};
			};
			buildConfigurationList = A63558781BB2034600C5276C /* Build configuration list for PBXProject "PTS1" */;
			compatibilityVersion = "Xcode 3.2";
			developmentRegion = English;
			hasScannedForEncodings = 0;
			knownRegions = (
				en,
				Base,
			);
			mainGroup = A63558741BB2034600C5276C;
			productRefGroup = A635587E1BB2034600C5276C /* Products */;
			projectDirPath = "";
			projectRoot = "";
			targets = (
				A635587C1BB2034600C5276C /* PTS1 */,
			);
		};
/* End PBXProject section */

/* Begin PBXResourcesBuildPhase section */
		A635587B1BB2034600C5276C /* Resources */ = {
			isa = PBXResourcesBuildPhase;
			buildActionMask = 2147483647;
			files = (
				A64A6F791BB2703A008F13B1 /* work-in-progress.png in Resources */,
				A662B1371BB2FBC20056B702 /* information.png in Resources */,
				A639EE431BCE0FA1002B1FE6 /* power tool.jpeg in Resources */,
				A662B1351BB2FB790056B702 /* help.png in Resources */,
				A662B1331BB2FB020056B702 /* logout.png in Resources */,
				A662B1311BB2FAFF0056B702 /* register.png in Resources */,
				A63558931BB2034600C5276C /* LaunchScreen.storyboard in Resources */,
				A662B1391BB2FBDE0056B702 /* faq.png in Resources */,
				A662B12F1BB2FAEF0056B702 /* login.png in Resources */,
				A63558901BB2034600C5276C /* Assets.xcassets in Resources */,
				A635588E1BB2034600C5276C /* Main.storyboard in Resources */,
			);
			runOnlyForDeploymentPostprocessing = 0;
		};
/* End PBXResourcesBuildPhase section */

/* Begin PBXSourcesBuildPhase section */
		A63558791BB2034600C5276C /* Sources */ = {
			isa = PBXSourcesBuildPhase;
			buildActionMask = 2147483647;
			files = (
				A6C1C2851BD47B9C005492A1 /* AddToolViewController.m in Sources */,
				A662B1271BB2F2F80056B702 /* LoginViewController.m in Sources */,
				A630FE561BD73E2400F4EB28 /* MyToolDetailsViewController.m in Sources */,
				A635589C1BB204CD00C5276C /* SettingsUITableViewController.m in Sources */,
				A6C1C2821BD469AF005492A1 /* PublicToolDetailsViewController.m in Sources */,
				A64A6F751BB21A90008F13B1 /* Communicator.m in Sources */,
				A63558851BB2034600C5276C /* AppDelegate.m in Sources */,
				A6C1C27F1BD4612A005492A1 /* PublicToolsTableViewController.m in Sources */,
				A639EE3D1BCDE5DA002B1FE6 /* MyToolsTableViewController.m in Sources */,
				A64A6F721BB21852008F13B1 /* RegisterViewController.m in Sources */,
				A63558821BB2034600C5276C /* main.m in Sources */,
			);
			runOnlyForDeploymentPostprocessing = 0;
		};
/* End PBXSourcesBuildPhase section */

/* Begin PBXVariantGroup section */
		A635588C1BB2034600C5276C /* Main.storyboard */ = {
			isa = PBXVariantGroup;
			children = (
				A635588D1BB2034600C5276C /* Base */,
			);
			name = Main.storyboard;
			sourceTree = "<group>";
		};
		A63558911BB2034600C5276C /* LaunchScreen.storyboard */ = {
			isa = PBXVariantGroup;
			children = (
				A63558921BB2034600C5276C /* Base */,
			);
			name = LaunchScreen.storyboard;
			sourceTree = "<group>";
		};
/* End PBXVariantGroup section */

/* Begin XCBuildConfiguration section */
		A63558951BB2034600C5276C /* Debug */ = {
			isa = XCBuildConfiguration;
			buildSettings = {
				ALWAYS_SEARCH_USER_PATHS = NO;
				CLANG_CXX_LANGUAGE_STANDARD = "gnu++0x";
				CLANG_CXX_LIBRARY = "libc++";
				CLANG_ENABLE_MODULES = YES;
				CLANG_ENABLE_OBJC_ARC = YES;
				CLANG_WARN_BOOL_CONVERSION = YES;
				CLANG_WARN_CONSTANT_CONVERSION = YES;
				CLANG_WARN_DIRECT_OBJC_ISA_USAGE = YES_ERROR;
				CLANG_WARN_EMPTY_BODY = YES;
				CLANG_WARN_ENUM_CONVERSION = YES;
				CLANG_WARN_INT_CONVERSION = YES;
				CLANG_WARN_OBJC_ROOT_CLASS = YES_ERROR;
				CLANG_WARN_UNREACHABLE_CODE = YES;
				CLANG_WARN__DUPLICATE_METHOD_MATCH = YES;
				"CODE_SIGN_IDENTITY[sdk=iphoneos*]" = "iPhone Developer";
				COPY_PHASE_STRIP = NO;
				DEBUG_INFORMATION_FORMAT = dwarf;
				ENABLE_STRICT_OBJC_MSGSEND = YES;
				ENABLE_TESTABILITY = YES;
				GCC_C_LANGUAGE_STANDARD = gnu99;
				GCC_DYNAMIC_NO_PIC = NO;
				GCC_NO_COMMON_BLOCKS = YES;
				GCC_OPTIMIZATION_LEVEL = 0;
				GCC_PREPROCESSOR_DEFINITIONS = (
					"DEBUG=1",
					"$(inherited)",
				);
				GCC_WARN_64_TO_32_BIT_CONVERSION = YES;
				GCC_WARN_ABOUT_RETURN_TYPE = YES_ERROR;
				GCC_WARN_UNDECLARED_SELECTOR = YES;
				GCC_WARN_UNINITIALIZED_AUTOS = YES_AGGRESSIVE;
				GCC_WARN_UNUSED_FUNCTION = YES;
				GCC_WARN_UNUSED_VARIABLE = YES;
				IPHONEOS_DEPLOYMENT_TARGET = 9.0;
				MTL_ENABLE_DEBUG_INFO = YES;
				ONLY_ACTIVE_ARCH = YES;
				SDKROOT = iphoneos;
			};
			name = Debug;
		};
		A63558961BB2034600C5276C /* Release */ = {
			isa = XCBuildConfiguration;
			buildSettings = {
				ALWAYS_SEARCH_USER_PATHS = NO;
				CLANG_CXX_LANGUAGE_STANDARD = "gnu++0x";
				CLANG_CXX_LIBRARY = "libc++";
				CLANG_ENABLE_MODULES = YES;
				CLANG_ENABLE_OBJC_ARC = YES;
				CLANG_WARN_BOOL_CONVERSION = YES;
				CLANG_WARN_CONSTANT_CONVERSION = YES;
				CLANG_WARN_DIRECT_OBJC_ISA_USAGE = YES_ERROR;
				CLANG_WARN_EMPTY_BODY = YES;
				CLANG_WARN_ENUM_CONVERSION = YES;
				CLANG_WARN_INT_CONVERSION = YES;
				CLANG_WARN_OBJC_ROOT_CLASS = YES_ERROR;
				CLANG_WARN_UNREACHABLE_CODE = YES;
				CLANG_WARN__DUPLICATE_METHOD_MATCH = YES;
				"CODE_SIGN_IDENTITY[sdk=iphoneos*]" = "iPhone Developer";
				COPY_PHASE_STRIP = NO;
				DEBUG_INFORMATION_FORMAT = "dwarf-with-dsym";
				ENABLE_NS_ASSERTIONS = NO;
				ENABLE_STRICT_OBJC_MSGSEND = YES;
				GCC_C_LANGUAGE_STANDARD = gnu99;
				GCC_NO_COMMON_BLOCKS = YES;
				GCC_WARN_64_TO_32_BIT_CONVERSION = YES;
				GCC_WARN_ABOUT_RETURN_TYPE = YES_ERROR;
				GCC_WARN_UNDECLARED_SELECTOR = YES;
				GCC_WARN_UNINITIALIZED_AUTOS = YES_AGGRESSIVE;
				GCC_WARN_UNUSED_FUNCTION = YES;
				GCC_WARN_UNUSED_VARIABLE = YES;
				IPHONEOS_DEPLOYMENT_TARGET = 9.0;
				MTL_ENABLE_DEBUG_INFO = NO;
				SDKROOT = iphoneos;
				VALIDATE_PRODUCT = YES;
			};
			name = Release;
		};
		A63558981BB2034600C5276C /* Debug */ = {
			isa = XCBuildConfiguration;
			buildSettings = {
				ASSETCATALOG_COMPILER_APPICON_NAME = AppIcon;
				INFOPLIST_FILE = PTS1/Info.plist;
				IPHONEOS_DEPLOYMENT_TARGET = 8.0;
				LD_RUNPATH_SEARCH_PATHS = "$(inherited) @executable_path/Frameworks";
				PRODUCT_BUNDLE_IDENTIFIER = edu.cs2048.asheesh.PTS1;
				PRODUCT_NAME = "$(TARGET_NAME)";
			};
			name = Debug;
		};
		A63558991BB2034600C5276C /* Release */ = {
			isa = XCBuildConfiguration;
			buildSettings = {
				ASSETCATALOG_COMPILER_APPICON_NAME = AppIcon;
				INFOPLIST_FILE = PTS1/Info.plist;
				IPHONEOS_DEPLOYMENT_TARGET = 8.0;
				LD_RUNPATH_SEARCH_PATHS = "$(inherited) @executable_path/Frameworks";
				PRODUCT_BUNDLE_IDENTIFIER = edu.cs2048.asheesh.PTS1;
				PRODUCT_NAME = "$(TARGET_NAME)";
			};
			name = Release;
		};
/* End XCBuildConfiguration section */

/* Begin XCConfigurationList section */
		A63558781BB2034600C5276C /* Build configuration list for PBXProject "PTS1" */ = {
			isa = XCConfigurationList;
			buildConfigurations = (
				A63558951BB2034600C5276C /* Debug */,
				A63558961BB2034600C5276C /* Release */,
			);
			defaultConfigurationIsVisible = 0;
			defaultConfigurationName = Release;
		};
		A63558971BB2034600C5276C /* Build configuration list for PBXNativeTarget "PTS1" */ = {
			isa = XCConfigurationList;
			buildConfigurations = (
				A63558981BB2034600C5276C /* Debug */,
				A63558991BB2034600C5276C /* Release */,
			);
			defaultConfigurationIsVisible = 0;
			defaultConfigurationName = Release;
		};
/* End XCConfigurationList section */
	};
	rootObject = A63558751BB2034600C5276C /* Project object */;
}
