// !$*UTF8*$!
{
	archiveVersion = 1;
	classes = {
	};
	objectVersion = 46;
	objects = {

/* Begin PBXBuildFile section */
		31BB22CA1380505D6F36F97C /* libPods.a in Frameworks */ = {isa = PBXBuildFile; fileRef = C754E58383165EE7A14071A4 /* libPods.a */; };
		A630FE561BD73E2400F4EB28 /* MyToolDetailsViewController.m in Sources */ = {isa = PBXBuildFile; fileRef = A630FE551BD73E2400F4EB28 /* MyToolDetailsViewController.m */; };
		A63490E31BDD9D55006BE090 /* question.png in Resources */ = {isa = PBXBuildFile; fileRef = A63490E21BDD9D55006BE090 /* question.png */; };
		A63558821BB2034600C5276C /* main.m in Sources */ = {isa = PBXBuildFile; fileRef = A63558811BB2034600C5276C /* main.m */; };
		A63558851BB2034600C5276C /* AppDelegate.m in Sources */ = {isa = PBXBuildFile; fileRef = A63558841BB2034600C5276C /* AppDelegate.m */; };
		A635588E1BB2034600C5276C /* Main.storyboard in Resources */ = {isa = PBXBuildFile; fileRef = A635588C1BB2034600C5276C /* Main.storyboard */; };
		A63558901BB2034600C5276C /* Assets.xcassets in Resources */ = {isa = PBXBuildFile; fileRef = A635588F1BB2034600C5276C /* Assets.xcassets */; };
		A63558931BB2034600C5276C /* LaunchScreen.storyboard in Resources */ = {isa = PBXBuildFile; fileRef = A63558911BB2034600C5276C /* LaunchScreen.storyboard */; };
		A635589C1BB204CD00C5276C /* SettingsUITableViewController.m in Sources */ = {isa = PBXBuildFile; fileRef = A635589B1BB204CD00C5276C /* SettingsUITableViewController.m */; };
		A639EE3D1BCDE5DA002B1FE6 /* MyToolsTableViewController.m in Sources */ = {isa = PBXBuildFile; fileRef = A639EE3C1BCDE5DA002B1FE6 /* MyToolsTableViewController.m */; };
		A639EE431BCE0FA1002B1FE6 /* power_tool.jpeg in Resources */ = {isa = PBXBuildFile; fileRef = A639EE421BCE0FA1002B1FE6 /* power_tool.jpeg */; };
		A6481D921C13587A00E1879C /* MapKit.framework in Frameworks */ = {isa = PBXBuildFile; fileRef = A6481D911C13587A00E1879C /* MapKit.framework */; };
		A64A6F721BB21852008F13B1 /* RegisterViewController.m in Sources */ = {isa = PBXBuildFile; fileRef = A64A6F711BB21852008F13B1 /* RegisterViewController.m */; };
		A64A6F751BB21A90008F13B1 /* Communicator.m in Sources */ = {isa = PBXBuildFile; fileRef = A64A6F741BB21A90008F13B1 /* Communicator.m */; };
		A64A6F791BB2703A008F13B1 /* work-in-progress.png in Resources */ = {isa = PBXBuildFile; fileRef = A64A6F781BB2703A008F13B1 /* work-in-progress.png */; };
		A6524E6D1C17E53C00CDE519 /* libAWSCore.a in Frameworks */ = {isa = PBXBuildFile; fileRef = A6524E6C1C17E53C00CDE519 /* libAWSCore.a */; };
		A6524E6F1C17E55900CDE519 /* libAWSS3.a in Frameworks */ = {isa = PBXBuildFile; fileRef = A6524E6E1C17E55900CDE519 /* libAWSS3.a */; };
		A6524E7E1C17E5AA00CDE519 /* libAWSAutoScaling.a in Frameworks */ = {isa = PBXBuildFile; fileRef = A6524E701C17E5A900CDE519 /* libAWSAutoScaling.a */; };
		A6524E7F1C17E5AA00CDE519 /* libAWSCloudWatch.a in Frameworks */ = {isa = PBXBuildFile; fileRef = A6524E711C17E5A900CDE519 /* libAWSCloudWatch.a */; };
		A6524E801C17E5AA00CDE519 /* libAWSCognito.a in Frameworks */ = {isa = PBXBuildFile; fileRef = A6524E721C17E5A900CDE519 /* libAWSCognito.a */; };
		A6524E811C17E5AA00CDE519 /* libAWSDynamoDB.a in Frameworks */ = {isa = PBXBuildFile; fileRef = A6524E731C17E5A900CDE519 /* libAWSDynamoDB.a */; };
		A6524E821C17E5AA00CDE519 /* libAWSEC2.a in Frameworks */ = {isa = PBXBuildFile; fileRef = A6524E741C17E5A900CDE519 /* libAWSEC2.a */; };
		A6524E831C17E5AA00CDE519 /* libAWSElasticLoadBalancing.a in Frameworks */ = {isa = PBXBuildFile; fileRef = A6524E751C17E5A900CDE519 /* libAWSElasticLoadBalancing.a */; };
		A6524E841C17E5AA00CDE519 /* libAWSKinesis.a in Frameworks */ = {isa = PBXBuildFile; fileRef = A6524E761C17E5A900CDE519 /* libAWSKinesis.a */; };
		A6524E851C17E5AA00CDE519 /* libAWSLambda.a in Frameworks */ = {isa = PBXBuildFile; fileRef = A6524E771C17E5A900CDE519 /* libAWSLambda.a */; };
		A6524E861C17E5AA00CDE519 /* libAWSMachineLearning.a in Frameworks */ = {isa = PBXBuildFile; fileRef = A6524E781C17E5A900CDE519 /* libAWSMachineLearning.a */; };
		A6524E871C17E5AA00CDE519 /* libAWSMobileAnalytics.a in Frameworks */ = {isa = PBXBuildFile; fileRef = A6524E791C17E5A900CDE519 /* libAWSMobileAnalytics.a */; };
		A6524E881C17E5AA00CDE519 /* libAWSSES.a in Frameworks */ = {isa = PBXBuildFile; fileRef = A6524E7A1C17E5A900CDE519 /* libAWSSES.a */; };
		A6524E891C17E5AA00CDE519 /* libAWSSimpleDB.a in Frameworks */ = {isa = PBXBuildFile; fileRef = A6524E7B1C17E5A900CDE519 /* libAWSSimpleDB.a */; };
		A6524E8A1C17E5AA00CDE519 /* libAWSSNS.a in Frameworks */ = {isa = PBXBuildFile; fileRef = A6524E7C1C17E5A900CDE519 /* libAWSSNS.a */; };
		A6524E8B1C17E5AA00CDE519 /* libAWSSQS.a in Frameworks */ = {isa = PBXBuildFile; fileRef = A6524E7D1C17E5AA00CDE519 /* libAWSSQS.a */; };
		A6524E8D1C17E61800CDE519 /* libsqlite3.tbd in Frameworks */ = {isa = PBXBuildFile; fileRef = A6524E8C1C17E61800CDE519 /* libsqlite3.tbd */; };
		A6524E8F1C17E62100CDE519 /* libz.tbd in Frameworks */ = {isa = PBXBuildFile; fileRef = A6524E8E1C17E62100CDE519 /* libz.tbd */; };
		A6524E911C17E62700CDE519 /* CFNetwork.framework in Frameworks */ = {isa = PBXBuildFile; fileRef = A6524E901C17E62700CDE519 /* CFNetwork.framework */; };
		A6524E931C17E62F00CDE519 /* Security.framework in Frameworks */ = {isa = PBXBuildFile; fileRef = A6524E921C17E62F00CDE519 /* Security.framework */; };
		A6524E951C17E63500CDE519 /* SystemConfiguration.framework in Frameworks */ = {isa = PBXBuildFile; fileRef = A6524E941C17E63500CDE519 /* SystemConfiguration.framework */; };
		A6524E971C17E63D00CDE519 /* UIKit.framework in Frameworks */ = {isa = PBXBuildFile; fileRef = A6524E961C17E63D00CDE519 /* UIKit.framework */; };
		A662B1271BB2F2F80056B702 /* LoginViewController.m in Sources */ = {isa = PBXBuildFile; fileRef = A662B1261BB2F2F80056B702 /* LoginViewController.m */; };
		A662B12F1BB2FAEF0056B702 /* login.png in Resources */ = {isa = PBXBuildFile; fileRef = A662B12E1BB2FAEF0056B702 /* login.png */; };
		A662B1311BB2FAFF0056B702 /* register.png in Resources */ = {isa = PBXBuildFile; fileRef = A662B1301BB2FAFF0056B702 /* register.png */; };
		A662B1331BB2FB020056B702 /* logout.png in Resources */ = {isa = PBXBuildFile; fileRef = A662B1321BB2FB020056B702 /* logout.png */; };
		A662B1351BB2FB790056B702 /* help.png in Resources */ = {isa = PBXBuildFile; fileRef = A662B1341BB2FB790056B702 /* help.png */; };
		A662B1371BB2FBC20056B702 /* information.png in Resources */ = {isa = PBXBuildFile; fileRef = A662B1361BB2FBC20056B702 /* information.png */; };
		A662B1391BB2FBDE0056B702 /* faq.png in Resources */ = {isa = PBXBuildFile; fileRef = A662B1381BB2FBDE0056B702 /* faq.png */; };
		A69C68E01BF5780200A34EB8 /* PTS1UITests.m in Sources */ = {isa = PBXBuildFile; fileRef = A69C68DF1BF5780200A34EB8 /* PTS1UITests.m */; };
		A6B5DF0F1C0AD581000FFA26 /* CoreLocation.framework in Frameworks */ = {isa = PBXBuildFile; fileRef = A6B5DF0E1C0AD581000FFA26 /* CoreLocation.framework */; };
		A6C1C27F1BD4612A005492A1 /* PublicToolsTableViewController.m in Sources */ = {isa = PBXBuildFile; fileRef = A6C1C27E1BD4612A005492A1 /* PublicToolsTableViewController.m */; };
		A6C1C2821BD469AF005492A1 /* PublicToolDetailsViewController.m in Sources */ = {isa = PBXBuildFile; fileRef = A6C1C2811BD469AF005492A1 /* PublicToolDetailsViewController.m */; };
		A6C1C2851BD47B9C005492A1 /* AddToolViewController.m in Sources */ = {isa = PBXBuildFile; fileRef = A6C1C2841BD47B9C005492A1 /* AddToolViewController.m */; };
/* End PBXBuildFile section */

/* Begin PBXContainerItemProxy section */
		A69C68E21BF5780200A34EB8 /* PBXContainerItemProxy */ = {
			isa = PBXContainerItemProxy;
			containerPortal = A63558751BB2034600C5276C /* Project object */;
			proxyType = 1;
			remoteGlobalIDString = A635587C1BB2034600C5276C;
			remoteInfo = PTS1;
		};
/* End PBXContainerItemProxy section */

/* Begin PBXFileReference section */
		579AD946920A52C467A61C32 /* Pods.release.xcconfig */ = {isa = PBXFileReference; includeInIndex = 1; lastKnownFileType = text.xcconfig; name = Pods.release.xcconfig; path = "Pods/Target Support Files/Pods/Pods.release.xcconfig"; sourceTree = "<group>"; };
		5D32FC43B4D64ABEB880A3E4 /* Pods.debug.xcconfig */ = {isa = PBXFileReference; includeInIndex = 1; lastKnownFileType = text.xcconfig; name = Pods.debug.xcconfig; path = "Pods/Target Support Files/Pods/Pods.debug.xcconfig"; sourceTree = "<group>"; };
		A630FE541BD73E2400F4EB28 /* MyToolDetailsViewController.h */ = {isa = PBXFileReference; fileEncoding = 4; lastKnownFileType = sourcecode.c.h; path = MyToolDetailsViewController.h; sourceTree = "<group>"; };
		A630FE551BD73E2400F4EB28 /* MyToolDetailsViewController.m */ = {isa = PBXFileReference; fileEncoding = 4; lastKnownFileType = sourcecode.c.objc; lineEnding = 0; path = MyToolDetailsViewController.m; sourceTree = "<group>"; xcLanguageSpecificationIdentifier = xcode.lang.objc; };
		A63490E21BDD9D55006BE090 /* question.png */ = {isa = PBXFileReference; lastKnownFileType = image.png; path = question.png; sourceTree = "<group>"; };
		A635587D1BB2034600C5276C /* PTS1.app */ = {isa = PBXFileReference; explicitFileType = wrapper.application; includeInIndex = 0; path = PTS1.app; sourceTree = BUILT_PRODUCTS_DIR; };
		A63558811BB2034600C5276C /* main.m */ = {isa = PBXFileReference; lastKnownFileType = sourcecode.c.objc; path = main.m; sourceTree = "<group>"; };
		A63558831BB2034600C5276C /* AppDelegate.h */ = {isa = PBXFileReference; lastKnownFileType = sourcecode.c.h; path = AppDelegate.h; sourceTree = "<group>"; };
		A63558841BB2034600C5276C /* AppDelegate.m */ = {isa = PBXFileReference; lastKnownFileType = sourcecode.c.objc; path = AppDelegate.m; sourceTree = "<group>"; };
		A635588D1BB2034600C5276C /* Base */ = {isa = PBXFileReference; lastKnownFileType = file.storyboard; name = Base; path = Base.lproj/Main.storyboard; sourceTree = "<group>"; };
		A635588F1BB2034600C5276C /* Assets.xcassets */ = {isa = PBXFileReference; lastKnownFileType = folder.assetcatalog; path = Assets.xcassets; sourceTree = "<group>"; };
		A63558921BB2034600C5276C /* Base */ = {isa = PBXFileReference; lastKnownFileType = file.storyboard; name = Base; path = Base.lproj/LaunchScreen.storyboard; sourceTree = "<group>"; };
		A63558941BB2034600C5276C /* Info.plist */ = {isa = PBXFileReference; lastKnownFileType = text.plist.xml; path = Info.plist; sourceTree = "<group>"; };
		A635589A1BB204CD00C5276C /* SettingsUITableViewController.h */ = {isa = PBXFileReference; fileEncoding = 4; lastKnownFileType = sourcecode.c.h; path = SettingsUITableViewController.h; sourceTree = "<group>"; };
		A635589B1BB204CD00C5276C /* SettingsUITableViewController.m */ = {isa = PBXFileReference; fileEncoding = 4; lastKnownFileType = sourcecode.c.objc; path = SettingsUITableViewController.m; sourceTree = "<group>"; };
		A639EE3B1BCDE5DA002B1FE6 /* MyToolsTableViewController.h */ = {isa = PBXFileReference; fileEncoding = 4; lastKnownFileType = sourcecode.c.h; name = MyToolsTableViewController.h; path = ../MyToolsTableViewController.h; sourceTree = "<group>"; };
		A639EE3C1BCDE5DA002B1FE6 /* MyToolsTableViewController.m */ = {isa = PBXFileReference; fileEncoding = 4; lastKnownFileType = sourcecode.c.objc; lineEnding = 0; name = MyToolsTableViewController.m; path = ../MyToolsTableViewController.m; sourceTree = "<group>"; xcLanguageSpecificationIdentifier = xcode.lang.objc; };
		A639EE421BCE0FA1002B1FE6 /* power_tool.jpeg */ = {isa = PBXFileReference; lastKnownFileType = image.jpeg; path = power_tool.jpeg; sourceTree = "<group>"; };
		A6481D911C13587A00E1879C /* MapKit.framework */ = {isa = PBXFileReference; lastKnownFileType = wrapper.framework; name = MapKit.framework; path = System/Library/Frameworks/MapKit.framework; sourceTree = SDKROOT; };
		A64A6F701BB21852008F13B1 /* RegisterViewController.h */ = {isa = PBXFileReference; fileEncoding = 4; lastKnownFileType = sourcecode.c.h; path = RegisterViewController.h; sourceTree = "<group>"; };
		A64A6F711BB21852008F13B1 /* RegisterViewController.m */ = {isa = PBXFileReference; fileEncoding = 4; lastKnownFileType = sourcecode.c.objc; lineEnding = 0; path = RegisterViewController.m; sourceTree = "<group>"; xcLanguageSpecificationIdentifier = xcode.lang.objc; };
		A64A6F731BB21A90008F13B1 /* Communicator.h */ = {isa = PBXFileReference; fileEncoding = 4; lastKnownFileType = sourcecode.c.h; path = Communicator.h; sourceTree = "<group>"; };
		A64A6F741BB21A90008F13B1 /* Communicator.m */ = {isa = PBXFileReference; fileEncoding = 4; lastKnownFileType = sourcecode.c.objc; path = Communicator.m; sourceTree = "<group>"; };
		A64A6F781BB2703A008F13B1 /* work-in-progress.png */ = {isa = PBXFileReference; lastKnownFileType = image.png; path = "work-in-progress.png"; sourceTree = "<group>"; };
		A6524E6C1C17E53C00CDE519 /* libAWSCore.a */ = {isa = PBXFileReference; lastKnownFileType = archive.ar; name = libAWSCore.a; path = "Pods/../build/Debug-iphoneos/libAWSCore.a"; sourceTree = "<group>"; };
		A6524E6E1C17E55900CDE519 /* libAWSS3.a */ = {isa = PBXFileReference; lastKnownFileType = archive.ar; name = libAWSS3.a; path = "Pods/../build/Debug-iphoneos/libAWSS3.a"; sourceTree = "<group>"; };
		A6524E701C17E5A900CDE519 /* libAWSAutoScaling.a */ = {isa = PBXFileReference; lastKnownFileType = archive.ar; name = libAWSAutoScaling.a; path = "Pods/../build/Debug-iphoneos/libAWSAutoScaling.a"; sourceTree = "<group>"; };
		A6524E711C17E5A900CDE519 /* libAWSCloudWatch.a */ = {isa = PBXFileReference; lastKnownFileType = archive.ar; name = libAWSCloudWatch.a; path = "Pods/../build/Debug-iphoneos/libAWSCloudWatch.a"; sourceTree = "<group>"; };
		A6524E721C17E5A900CDE519 /* libAWSCognito.a */ = {isa = PBXFileReference; lastKnownFileType = archive.ar; name = libAWSCognito.a; path = "Pods/../build/Debug-iphoneos/libAWSCognito.a"; sourceTree = "<group>"; };
		A6524E731C17E5A900CDE519 /* libAWSDynamoDB.a */ = {isa = PBXFileReference; lastKnownFileType = archive.ar; name = libAWSDynamoDB.a; path = "Pods/../build/Debug-iphoneos/libAWSDynamoDB.a"; sourceTree = "<group>"; };
		A6524E741C17E5A900CDE519 /* libAWSEC2.a */ = {isa = PBXFileReference; lastKnownFileType = archive.ar; name = libAWSEC2.a; path = "Pods/../build/Debug-iphoneos/libAWSEC2.a"; sourceTree = "<group>"; };
		A6524E751C17E5A900CDE519 /* libAWSElasticLoadBalancing.a */ = {isa = PBXFileReference; lastKnownFileType = archive.ar; name = libAWSElasticLoadBalancing.a; path = "Pods/../build/Debug-iphoneos/libAWSElasticLoadBalancing.a"; sourceTree = "<group>"; };
		A6524E761C17E5A900CDE519 /* libAWSKinesis.a */ = {isa = PBXFileReference; lastKnownFileType = archive.ar; name = libAWSKinesis.a; path = "Pods/../build/Debug-iphoneos/libAWSKinesis.a"; sourceTree = "<group>"; };
		A6524E771C17E5A900CDE519 /* libAWSLambda.a */ = {isa = PBXFileReference; lastKnownFileType = archive.ar; name = libAWSLambda.a; path = "Pods/../build/Debug-iphoneos/libAWSLambda.a"; sourceTree = "<group>"; };
		A6524E781C17E5A900CDE519 /* libAWSMachineLearning.a */ = {isa = PBXFileReference; lastKnownFileType = archive.ar; name = libAWSMachineLearning.a; path = "Pods/../build/Debug-iphoneos/libAWSMachineLearning.a"; sourceTree = "<group>"; };
		A6524E791C17E5A900CDE519 /* libAWSMobileAnalytics.a */ = {isa = PBXFileReference; lastKnownFileType = archive.ar; name = libAWSMobileAnalytics.a; path = "Pods/../build/Debug-iphoneos/libAWSMobileAnalytics.a"; sourceTree = "<group>"; };
		A6524E7A1C17E5A900CDE519 /* libAWSSES.a */ = {isa = PBXFileReference; lastKnownFileType = archive.ar; name = libAWSSES.a; path = "Pods/../build/Debug-iphoneos/libAWSSES.a"; sourceTree = "<group>"; };
		A6524E7B1C17E5A900CDE519 /* libAWSSimpleDB.a */ = {isa = PBXFileReference; lastKnownFileType = archive.ar; name = libAWSSimpleDB.a; path = "Pods/../build/Debug-iphoneos/libAWSSimpleDB.a"; sourceTree = "<group>"; };
		A6524E7C1C17E5A900CDE519 /* libAWSSNS.a */ = {isa = PBXFileReference; lastKnownFileType = archive.ar; name = libAWSSNS.a; path = "Pods/../build/Debug-iphoneos/libAWSSNS.a"; sourceTree = "<group>"; };
		A6524E7D1C17E5AA00CDE519 /* libAWSSQS.a */ = {isa = PBXFileReference; lastKnownFileType = archive.ar; name = libAWSSQS.a; path = "Pods/../build/Debug-iphoneos/libAWSSQS.a"; sourceTree = "<group>"; };
		A6524E8C1C17E61800CDE519 /* libsqlite3.tbd */ = {isa = PBXFileReference; lastKnownFileType = "sourcecode.text-based-dylib-definition"; name = libsqlite3.tbd; path = usr/lib/libsqlite3.tbd; sourceTree = SDKROOT; };
		A6524E8E1C17E62100CDE519 /* libz.tbd */ = {isa = PBXFileReference; lastKnownFileType = "sourcecode.text-based-dylib-definition"; name = libz.tbd; path = usr/lib/libz.tbd; sourceTree = SDKROOT; };
		A6524E901C17E62700CDE519 /* CFNetwork.framework */ = {isa = PBXFileReference; lastKnownFileType = wrapper.framework; name = CFNetwork.framework; path = System/Library/Frameworks/CFNetwork.framework; sourceTree = SDKROOT; };
		A6524E921C17E62F00CDE519 /* Security.framework */ = {isa = PBXFileReference; lastKnownFileType = wrapper.framework; name = Security.framework; path = System/Library/Frameworks/Security.framework; sourceTree = SDKROOT; };
		A6524E941C17E63500CDE519 /* SystemConfiguration.framework */ = {isa = PBXFileReference; lastKnownFileType = wrapper.framework; name = SystemConfiguration.framework; path = System/Library/Frameworks/SystemConfiguration.framework; sourceTree = SDKROOT; };
		A6524E961C17E63D00CDE519 /* UIKit.framework */ = {isa = PBXFileReference; lastKnownFileType = wrapper.framework; name = UIKit.framework; path = System/Library/Frameworks/UIKit.framework; sourceTree = SDKROOT; };
		A662B1251BB2F2F80056B702 /* LoginViewController.h */ = {isa = PBXFileReference; fileEncoding = 4; lastKnownFileType = sourcecode.c.h; path = LoginViewController.h; sourceTree = "<group>"; };
		A662B1261BB2F2F80056B702 /* LoginViewController.m */ = {isa = PBXFileReference; fileEncoding = 4; lastKnownFileType = sourcecode.c.objc; lineEnding = 0; path = LoginViewController.m; sourceTree = "<group>"; xcLanguageSpecificationIdentifier = xcode.lang.objc; };
		A662B12E1BB2FAEF0056B702 /* login.png */ = {isa = PBXFileReference; lastKnownFileType = image.png; path = login.png; sourceTree = "<group>"; };
		A662B1301BB2FAFF0056B702 /* register.png */ = {isa = PBXFileReference; lastKnownFileType = image.png; path = register.png; sourceTree = "<group>"; };
		A662B1321BB2FB020056B702 /* logout.png */ = {isa = PBXFileReference; lastKnownFileType = image.png; path = logout.png; sourceTree = "<group>"; };
		A662B1341BB2FB790056B702 /* help.png */ = {isa = PBXFileReference; lastKnownFileType = image.png; path = help.png; sourceTree = "<group>"; };
		A662B1361BB2FBC20056B702 /* information.png */ = {isa = PBXFileReference; lastKnownFileType = image.png; path = information.png; sourceTree = "<group>"; };
		A662B1381BB2FBDE0056B702 /* faq.png */ = {isa = PBXFileReference; lastKnownFileType = image.png; path = faq.png; sourceTree = "<group>"; };
		A69C68DD1BF5780200A34EB8 /* PTS1UITests.xctest */ = {isa = PBXFileReference; explicitFileType = wrapper.cfbundle; includeInIndex = 0; path = PTS1UITests.xctest; sourceTree = BUILT_PRODUCTS_DIR; };
		A69C68DF1BF5780200A34EB8 /* PTS1UITests.m */ = {isa = PBXFileReference; lastKnownFileType = sourcecode.c.objc; path = PTS1UITests.m; sourceTree = "<group>"; };
		A69C68E11BF5780200A34EB8 /* Info.plist */ = {isa = PBXFileReference; lastKnownFileType = text.plist.xml; path = Info.plist; sourceTree = "<group>"; };
		A6B5DF0E1C0AD581000FFA26 /* CoreLocation.framework */ = {isa = PBXFileReference; lastKnownFileType = wrapper.framework; name = CoreLocation.framework; path = System/Library/Frameworks/CoreLocation.framework; sourceTree = SDKROOT; };
		A6C1C27D1BD4612A005492A1 /* PublicToolsTableViewController.h */ = {isa = PBXFileReference; fileEncoding = 4; lastKnownFileType = sourcecode.c.h; path = PublicToolsTableViewController.h; sourceTree = "<group>"; };
		A6C1C27E1BD4612A005492A1 /* PublicToolsTableViewController.m */ = {isa = PBXFileReference; fileEncoding = 4; lastKnownFileType = sourcecode.c.objc; lineEnding = 0; path = PublicToolsTableViewController.m; sourceTree = "<group>"; xcLanguageSpecificationIdentifier = xcode.lang.objc; };
		A6C1C2801BD469AF005492A1 /* PublicToolDetailsViewController.h */ = {isa = PBXFileReference; fileEncoding = 4; lastKnownFileType = sourcecode.c.h; path = PublicToolDetailsViewController.h; sourceTree = "<group>"; };
		A6C1C2811BD469AF005492A1 /* PublicToolDetailsViewController.m */ = {isa = PBXFileReference; fileEncoding = 4; lastKnownFileType = sourcecode.c.objc; path = PublicToolDetailsViewController.m; sourceTree = "<group>"; };
		A6C1C2831BD47B9C005492A1 /* AddToolViewController.h */ = {isa = PBXFileReference; fileEncoding = 4; lastKnownFileType = sourcecode.c.h; path = AddToolViewController.h; sourceTree = "<group>"; };
		A6C1C2841BD47B9C005492A1 /* AddToolViewController.m */ = {isa = PBXFileReference; fileEncoding = 4; lastKnownFileType = sourcecode.c.objc; lineEnding = 0; path = AddToolViewController.m; sourceTree = "<group>"; xcLanguageSpecificationIdentifier = xcode.lang.objc; };
		C754E58383165EE7A14071A4 /* libPods.a */ = {isa = PBXFileReference; explicitFileType = archive.ar; includeInIndex = 0; path = libPods.a; sourceTree = BUILT_PRODUCTS_DIR; };
/* End PBXFileReference section */

/* Begin PBXFrameworksBuildPhase section */
		A635587A1BB2034600C5276C /* Frameworks */ = {
			isa = PBXFrameworksBuildPhase;
			buildActionMask = 2147483647;
			files = (
				A6524E971C17E63D00CDE519 /* UIKit.framework in Frameworks */,
				A6524E951C17E63500CDE519 /* SystemConfiguration.framework in Frameworks */,
				A6524E931C17E62F00CDE519 /* Security.framework in Frameworks */,
				A6524E911C17E62700CDE519 /* CFNetwork.framework in Frameworks */,
				A6524E8F1C17E62100CDE519 /* libz.tbd in Frameworks */,
				A6524E8D1C17E61800CDE519 /* libsqlite3.tbd in Frameworks */,
				A6524E7E1C17E5AA00CDE519 /* libAWSAutoScaling.a in Frameworks */,
				A6524E7F1C17E5AA00CDE519 /* libAWSCloudWatch.a in Frameworks */,
				A6524E801C17E5AA00CDE519 /* libAWSCognito.a in Frameworks */,
				A6524E811C17E5AA00CDE519 /* libAWSDynamoDB.a in Frameworks */,
				A6524E821C17E5AA00CDE519 /* libAWSEC2.a in Frameworks */,
				A6524E831C17E5AA00CDE519 /* libAWSElasticLoadBalancing.a in Frameworks */,
				A6524E841C17E5AA00CDE519 /* libAWSKinesis.a in Frameworks */,
				A6524E851C17E5AA00CDE519 /* libAWSLambda.a in Frameworks */,
				A6524E861C17E5AA00CDE519 /* libAWSMachineLearning.a in Frameworks */,
				A6524E871C17E5AA00CDE519 /* libAWSMobileAnalytics.a in Frameworks */,
				A6524E881C17E5AA00CDE519 /* libAWSSES.a in Frameworks */,
				A6524E891C17E5AA00CDE519 /* libAWSSimpleDB.a in Frameworks */,
				A6524E8A1C17E5AA00CDE519 /* libAWSSNS.a in Frameworks */,
				A6524E8B1C17E5AA00CDE519 /* libAWSSQS.a in Frameworks */,
				A6524E6F1C17E55900CDE519 /* libAWSS3.a in Frameworks */,
				A6524E6D1C17E53C00CDE519 /* libAWSCore.a in Frameworks */,
				A6B5DF0F1C0AD581000FFA26 /* CoreLocation.framework in Frameworks */,
				A6481D921C13587A00E1879C /* MapKit.framework in Frameworks */,
				31BB22CA1380505D6F36F97C /* libPods.a in Frameworks */,
			);
			runOnlyForDeploymentPostprocessing = 0;
		};
		A69C68DA1BF5780200A34EB8 /* Frameworks */ = {
			isa = PBXFrameworksBuildPhase;
			buildActionMask = 2147483647;
			files = (
			);
			runOnlyForDeploymentPostprocessing = 0;
		};
/* End PBXFrameworksBuildPhase section */

/* Begin PBXGroup section */
		12240977D5981C6543B0730B /* Pods */ = {
			isa = PBXGroup;
			children = (
				5D32FC43B4D64ABEB880A3E4 /* Pods.debug.xcconfig */,
				579AD946920A52C467A61C32 /* Pods.release.xcconfig */,
			);
			name = Pods;
			sourceTree = "<group>";
		};
		A63558741BB2034600C5276C = {
			isa = PBXGroup;
			children = (
				A635587F1BB2034600C5276C /* PTS1 */,
				A69C68DE1BF5780200A34EB8 /* PTS1UITests */,
				A635587E1BB2034600C5276C /* Products */,
				12240977D5981C6543B0730B /* Pods */,
				C8D2B78F31614BC47B2CA6CA /* Frameworks */,
			);
			sourceTree = "<group>";
		};
		A635587E1BB2034600C5276C /* Products */ = {
			isa = PBXGroup;
			children = (
				A635587D1BB2034600C5276C /* PTS1.app */,
				A69C68DD1BF5780200A34EB8 /* PTS1UITests.xctest */,
			);
			name = Products;
			sourceTree = "<group>";
		};
		A635587F1BB2034600C5276C /* PTS1 */ = {
			isa = PBXGroup;
			children = (
				A63558831BB2034600C5276C /* AppDelegate.h */,
				A63558841BB2034600C5276C /* AppDelegate.m */,
				A64A6F731BB21A90008F13B1 /* Communicator.h */,
				A64A6F741BB21A90008F13B1 /* Communicator.m */,
				A6C1C27D1BD4612A005492A1 /* PublicToolsTableViewController.h */,
				A6C1C27E1BD4612A005492A1 /* PublicToolsTableViewController.m */,
				A6C1C2801BD469AF005492A1 /* PublicToolDetailsViewController.h */,
				A6C1C2811BD469AF005492A1 /* PublicToolDetailsViewController.m */,
				A639EE3B1BCDE5DA002B1FE6 /* MyToolsTableViewController.h */,
				A639EE3C1BCDE5DA002B1FE6 /* MyToolsTableViewController.m */,
				A6C1C2831BD47B9C005492A1 /* AddToolViewController.h */,
				A6C1C2841BD47B9C005492A1 /* AddToolViewController.m */,
				A630FE541BD73E2400F4EB28 /* MyToolDetailsViewController.h */,
				A630FE551BD73E2400F4EB28 /* MyToolDetailsViewController.m */,
				A635589A1BB204CD00C5276C /* SettingsUITableViewController.h */,
				A635589B1BB204CD00C5276C /* SettingsUITableViewController.m */,
				A64A6F701BB21852008F13B1 /* RegisterViewController.h */,
				A64A6F711BB21852008F13B1 /* RegisterViewController.m */,
				A662B1251BB2F2F80056B702 /* LoginViewController.h */,
				A662B1261BB2F2F80056B702 /* LoginViewController.m */,
				A635588C1BB2034600C5276C /* Main.storyboard */,
				A635588F1BB2034600C5276C /* Assets.xcassets */,
				A64A6F781BB2703A008F13B1 /* work-in-progress.png */,
				A662B1381BB2FBDE0056B702 /* faq.png */,
				A662B1341BB2FB790056B702 /* help.png */,
				A662B1361BB2FBC20056B702 /* information.png */,
				A662B12E1BB2FAEF0056B702 /* login.png */,
				A662B1321BB2FB020056B702 /* logout.png */,
				A662B1301BB2FAFF0056B702 /* register.png */,
				A639EE421BCE0FA1002B1FE6 /* power_tool.jpeg */,
				A63490E21BDD9D55006BE090 /* question.png */,
				A63558911BB2034600C5276C /* LaunchScreen.storyboard */,
				A63558941BB2034600C5276C /* Info.plist */,
				A63558801BB2034600C5276C /* Supporting Files */,
			);
			path = PTS1;
			sourceTree = "<group>";
		};
		A63558801BB2034600C5276C /* Supporting Files */ = {
			isa = PBXGroup;
			children = (
				A63558811BB2034600C5276C /* main.m */,
			);
			name = "Supporting Files";
			sourceTree = "<group>";
		};
		A69C68DE1BF5780200A34EB8 /* PTS1UITests */ = {
			isa = PBXGroup;
			children = (
				A69C68DF1BF5780200A34EB8 /* PTS1UITests.m */,
				A69C68E11BF5780200A34EB8 /* Info.plist */,
			);
			path = PTS1UITests;
			sourceTree = "<group>";
		};
		C8D2B78F31614BC47B2CA6CA /* Frameworks */ = {
			isa = PBXGroup;
			children = (
				A6524E961C17E63D00CDE519 /* UIKit.framework */,
				A6524E941C17E63500CDE519 /* SystemConfiguration.framework */,
				A6524E921C17E62F00CDE519 /* Security.framework */,
				A6524E901C17E62700CDE519 /* CFNetwork.framework */,
				A6524E8E1C17E62100CDE519 /* libz.tbd */,
				A6524E8C1C17E61800CDE519 /* libsqlite3.tbd */,
				A6524E701C17E5A900CDE519 /* libAWSAutoScaling.a */,
				A6524E711C17E5A900CDE519 /* libAWSCloudWatch.a */,
				A6524E721C17E5A900CDE519 /* libAWSCognito.a */,
				A6524E731C17E5A900CDE519 /* libAWSDynamoDB.a */,
				A6524E741C17E5A900CDE519 /* libAWSEC2.a */,
				A6524E751C17E5A900CDE519 /* libAWSElasticLoadBalancing.a */,
				A6524E761C17E5A900CDE519 /* libAWSKinesis.a */,
				A6524E771C17E5A900CDE519 /* libAWSLambda.a */,
				A6524E781C17E5A900CDE519 /* libAWSMachineLearning.a */,
				A6524E791C17E5A900CDE519 /* libAWSMobileAnalytics.a */,
				A6524E7A1C17E5A900CDE519 /* libAWSSES.a */,
				A6524E7B1C17E5A900CDE519 /* libAWSSimpleDB.a */,
				A6524E7C1C17E5A900CDE519 /* libAWSSNS.a */,
				A6524E7D1C17E5AA00CDE519 /* libAWSSQS.a */,
				A6524E6E1C17E55900CDE519 /* libAWSS3.a */,
				A6524E6C1C17E53C00CDE519 /* libAWSCore.a */,
				A6481D911C13587A00E1879C /* MapKit.framework */,
				A6B5DF0E1C0AD581000FFA26 /* CoreLocation.framework */,
				C754E58383165EE7A14071A4 /* libPods.a */,
			);
			name = Frameworks;
			sourceTree = "<group>";
		};
/* End PBXGroup section */

/* Begin PBXNativeTarget section */
		A635587C1BB2034600C5276C /* PTS1 */ = {
			isa = PBXNativeTarget;
			buildConfigurationList = A63558971BB2034600C5276C /* Build configuration list for PBXNativeTarget "PTS1" */;
			buildPhases = (
				FBDBEF0BEE823D0D3A1B03D0 /* Check Pods Manifest.lock */,
				A63558791BB2034600C5276C /* Sources */,
				A635587A1BB2034600C5276C /* Frameworks */,
				A635587B1BB2034600C5276C /* Resources */,
				3E324932A0E5809713B7658E /* Embed Pods Frameworks */,
				298E1D97BD4218F9139BBE2D /* Copy Pods Resources */,
			);
			buildRules = (
			);
			dependencies = (
			);
			name = PTS1;
			productName = PTS1;
			productReference = A635587D1BB2034600C5276C /* PTS1.app */;
			productType = "com.apple.product-type.application";
		};
		A69C68DC1BF5780200A34EB8 /* PTS1UITests */ = {
			isa = PBXNativeTarget;
			buildConfigurationList = A69C68E41BF5780200A34EB8 /* Build configuration list for PBXNativeTarget "PTS1UITests" */;
			buildPhases = (
				A69C68D91BF5780200A34EB8 /* Sources */,
				A69C68DA1BF5780200A34EB8 /* Frameworks */,
				A69C68DB1BF5780200A34EB8 /* Resources */,
			);
			buildRules = (
			);
			dependencies = (
				A69C68E31BF5780200A34EB8 /* PBXTargetDependency */,
			);
			name = PTS1UITests;
			productName = PTS1UITests;
			productReference = A69C68DD1BF5780200A34EB8 /* PTS1UITests.xctest */;
			productType = "com.apple.product-type.bundle.ui-testing";
		};
/* End PBXNativeTarget section */

/* Begin PBXProject section */
		A63558751BB2034600C5276C /* Project object */ = {
			isa = PBXProject;
			attributes = {
				LastUpgradeCheck = 0700;
				ORGANIZATIONNAME = "Asheesh Agarwal";
				TargetAttributes = {
					A635587C1BB2034600C5276C = {
						CreatedOnToolsVersion = 7.0;
						DevelopmentTeam = X378EB65WE;
						SystemCapabilities = {
							com.apple.Maps.iOS = {
								enabled = 1;
							};
						};
					};
					A69C68DC1BF5780200A34EB8 = {
						CreatedOnToolsVersion = 7.1;
						TestTargetID = A635587C1BB2034600C5276C;
					};
				};
			};
			buildConfigurationList = A63558781BB2034600C5276C /* Build configuration list for PBXProject "PTS1" */;
			compatibilityVersion = "Xcode 3.2";
			developmentRegion = English;
			hasScannedForEncodings = 0;
			knownRegions = (
				en,
				Base,
			);
			mainGroup = A63558741BB2034600C5276C;
			productRefGroup = A635587E1BB2034600C5276C /* Products */;
			projectDirPath = "";
			projectRoot = "";
			targets = (
				A635587C1BB2034600C5276C /* PTS1 */,
				A69C68DC1BF5780200A34EB8 /* PTS1UITests */,
			);
		};
/* End PBXProject section */

/* Begin PBXResourcesBuildPhase section */
		A635587B1BB2034600C5276C /* Resources */ = {
			isa = PBXResourcesBuildPhase;
			buildActionMask = 2147483647;
			files = (
				A64A6F791BB2703A008F13B1 /* work-in-progress.png in Resources */,
				A662B1371BB2FBC20056B702 /* information.png in Resources */,
				A639EE431BCE0FA1002B1FE6 /* power_tool.jpeg in Resources */,
				A662B1351BB2FB790056B702 /* help.png in Resources */,
				A662B1331BB2FB020056B702 /* logout.png in Resources */,
				A662B1311BB2FAFF0056B702 /* register.png in Resources */,
				A63558931BB2034600C5276C /* LaunchScreen.storyboard in Resources */,
				A662B1391BB2FBDE0056B702 /* faq.png in Resources */,
				A662B12F1BB2FAEF0056B702 /* login.png in Resources */,
				A63490E31BDD9D55006BE090 /* question.png in Resources */,
				A63558901BB2034600C5276C /* Assets.xcassets in Resources */,
				A635588E1BB2034600C5276C /* Main.storyboard in Resources */,
			);
			runOnlyForDeploymentPostprocessing = 0;
		};
		A69C68DB1BF5780200A34EB8 /* Resources */ = {
			isa = PBXResourcesBuildPhase;
			buildActionMask = 2147483647;
			files = (
			);
			runOnlyForDeploymentPostprocessing = 0;
		};
/* End PBXResourcesBuildPhase section */

/* Begin PBXShellScriptBuildPhase section */
		298E1D97BD4218F9139BBE2D /* Copy Pods Resources */ = {
			isa = PBXShellScriptBuildPhase;
			buildActionMask = 2147483647;
			files = (
			);
			inputPaths = (
			);
			name = "Copy Pods Resources";
			outputPaths = (
			);
			runOnlyForDeploymentPostprocessing = 0;
			shellPath = /bin/sh;
			shellScript = "\"${SRCROOT}/Pods/Target Support Files/Pods/Pods-resources.sh\"\n";
			showEnvVarsInLog = 0;
		};
		3E324932A0E5809713B7658E /* Embed Pods Frameworks */ = {
			isa = PBXShellScriptBuildPhase;
			buildActionMask = 2147483647;
			files = (
			);
			inputPaths = (
			);
			name = "Embed Pods Frameworks";
			outputPaths = (
			);
			runOnlyForDeploymentPostprocessing = 0;
			shellPath = /bin/sh;
			shellScript = "\"${SRCROOT}/Pods/Target Support Files/Pods/Pods-frameworks.sh\"\n";
			showEnvVarsInLog = 0;
		};
		FBDBEF0BEE823D0D3A1B03D0 /* Check Pods Manifest.lock */ = {
			isa = PBXShellScriptBuildPhase;
			buildActionMask = 2147483647;
			files = (
			);
			inputPaths = (
			);
			name = "Check Pods Manifest.lock";
			outputPaths = (
			);
			runOnlyForDeploymentPostprocessing = 0;
			shellPath = /bin/sh;
			shellScript = "diff \"${PODS_ROOT}/../Podfile.lock\" \"${PODS_ROOT}/Manifest.lock\" > /dev/null\nif [[ $? != 0 ]] ; then\n    cat << EOM\nerror: The sandbox is not in sync with the Podfile.lock. Run 'pod install' or update your CocoaPods installation.\nEOM\n    exit 1\nfi\n";
			showEnvVarsInLog = 0;
		};
/* End PBXShellScriptBuildPhase section */

/* Begin PBXSourcesBuildPhase section */
		A63558791BB2034600C5276C /* Sources */ = {
			isa = PBXSourcesBuildPhase;
			buildActionMask = 2147483647;
			files = (
				A6C1C2851BD47B9C005492A1 /* AddToolViewController.m in Sources */,
				A662B1271BB2F2F80056B702 /* LoginViewController.m in Sources */,
				A630FE561BD73E2400F4EB28 /* MyToolDetailsViewController.m in Sources */,
				A635589C1BB204CD00C5276C /* SettingsUITableViewController.m in Sources */,
				A6C1C2821BD469AF005492A1 /* PublicToolDetailsViewController.m in Sources */,
				A64A6F751BB21A90008F13B1 /* Communicator.m in Sources */,
				A63558851BB2034600C5276C /* AppDelegate.m in Sources */,
				A6C1C27F1BD4612A005492A1 /* PublicToolsTableViewController.m in Sources */,
				A639EE3D1BCDE5DA002B1FE6 /* MyToolsTableViewController.m in Sources */,
				A64A6F721BB21852008F13B1 /* RegisterViewController.m in Sources */,
				A63558821BB2034600C5276C /* main.m in Sources */,
			);
			runOnlyForDeploymentPostprocessing = 0;
		};
		A69C68D91BF5780200A34EB8 /* Sources */ = {
			isa = PBXSourcesBuildPhase;
			buildActionMask = 2147483647;
			files = (
				A69C68E01BF5780200A34EB8 /* PTS1UITests.m in Sources */,
			);
			runOnlyForDeploymentPostprocessing = 0;
		};
/* End PBXSourcesBuildPhase section */

/* Begin PBXTargetDependency section */
		A69C68E31BF5780200A34EB8 /* PBXTargetDependency */ = {
			isa = PBXTargetDependency;
			target = A635587C1BB2034600C5276C /* PTS1 */;
			targetProxy = A69C68E21BF5780200A34EB8 /* PBXContainerItemProxy */;
		};
/* End PBXTargetDependency section */

/* Begin PBXVariantGroup section */
		A635588C1BB2034600C5276C /* Main.storyboard */ = {
			isa = PBXVariantGroup;
			children = (
				A635588D1BB2034600C5276C /* Base */,
			);
			name = Main.storyboard;
			sourceTree = "<group>";
		};
		A63558911BB2034600C5276C /* LaunchScreen.storyboard */ = {
			isa = PBXVariantGroup;
			children = (
				A63558921BB2034600C5276C /* Base */,
			);
			name = LaunchScreen.storyboard;
			sourceTree = "<group>";
		};
/* End PBXVariantGroup section */

/* Begin XCBuildConfiguration section */
		A63558951BB2034600C5276C /* Debug */ = {
			isa = XCBuildConfiguration;
			buildSettings = {
				ALWAYS_SEARCH_USER_PATHS = NO;
				CLANG_CXX_LANGUAGE_STANDARD = "gnu++0x";
				CLANG_CXX_LIBRARY = "libc++";
				CLANG_ENABLE_MODULES = YES;
				CLANG_ENABLE_OBJC_ARC = YES;
				CLANG_WARN_BOOL_CONVERSION = YES;
				CLANG_WARN_CONSTANT_CONVERSION = YES;
				CLANG_WARN_DIRECT_OBJC_ISA_USAGE = YES_ERROR;
				CLANG_WARN_EMPTY_BODY = YES;
				CLANG_WARN_ENUM_CONVERSION = YES;
				CLANG_WARN_INT_CONVERSION = YES;
				CLANG_WARN_OBJC_ROOT_CLASS = YES_ERROR;
				CLANG_WARN_UNREACHABLE_CODE = YES;
				CLANG_WARN__DUPLICATE_METHOD_MATCH = YES;
				"CODE_SIGN_IDENTITY[sdk=iphoneos*]" = "iPhone Developer";
				COPY_PHASE_STRIP = NO;
				DEBUG_INFORMATION_FORMAT = dwarf;
				ENABLE_STRICT_OBJC_MSGSEND = YES;
				ENABLE_TESTABILITY = YES;
				GCC_C_LANGUAGE_STANDARD = gnu99;
				GCC_DYNAMIC_NO_PIC = NO;
				GCC_NO_COMMON_BLOCKS = YES;
				GCC_OPTIMIZATION_LEVEL = 0;
				GCC_PREPROCESSOR_DEFINITIONS = (
					"DEBUG=1",
					"$(inherited)",
				);
				GCC_WARN_64_TO_32_BIT_CONVERSION = YES;
				GCC_WARN_ABOUT_INVALID_OFFSETOF_MACRO = YES;
				GCC_WARN_ABOUT_RETURN_TYPE = YES_ERROR;
				GCC_WARN_UNDECLARED_SELECTOR = YES;
				GCC_WARN_UNINITIALIZED_AUTOS = YES_AGGRESSIVE;
				GCC_WARN_UNUSED_FUNCTION = YES;
				GCC_WARN_UNUSED_VARIABLE = YES;
				IPHONEOS_DEPLOYMENT_TARGET = 9.0;
				MTL_ENABLE_DEBUG_INFO = YES;
				ONLY_ACTIVE_ARCH = YES;
				SDKROOT = iphoneos;
			};
			name = Debug;
		};
		A63558961BB2034600C5276C /* Release */ = {
			isa = XCBuildConfiguration;
			buildSettings = {
				ALWAYS_SEARCH_USER_PATHS = NO;
				CLANG_CXX_LANGUAGE_STANDARD = "gnu++0x";
				CLANG_CXX_LIBRARY = "libc++";
				CLANG_ENABLE_MODULES = YES;
				CLANG_ENABLE_OBJC_ARC = YES;
				CLANG_WARN_BOOL_CONVERSION = YES;
				CLANG_WARN_CONSTANT_CONVERSION = YES;
				CLANG_WARN_DIRECT_OBJC_ISA_USAGE = YES_ERROR;
				CLANG_WARN_EMPTY_BODY = YES;
				CLANG_WARN_ENUM_CONVERSION = YES;
				CLANG_WARN_INT_CONVERSION = YES;
				CLANG_WARN_OBJC_ROOT_CLASS = YES_ERROR;
				CLANG_WARN_UNREACHABLE_CODE = YES;
				CLANG_WARN__DUPLICATE_METHOD_MATCH = YES;
				"CODE_SIGN_IDENTITY[sdk=iphoneos*]" = "iPhone Developer";
				COPY_PHASE_STRIP = NO;
				DEBUG_INFORMATION_FORMAT = "dwarf-with-dsym";
				ENABLE_NS_ASSERTIONS = NO;
				ENABLE_STRICT_OBJC_MSGSEND = YES;
				GCC_C_LANGUAGE_STANDARD = gnu99;
				GCC_NO_COMMON_BLOCKS = YES;
				GCC_WARN_64_TO_32_BIT_CONVERSION = YES;
				GCC_WARN_ABOUT_INVALID_OFFSETOF_MACRO = YES;
				GCC_WARN_ABOUT_RETURN_TYPE = YES_ERROR;
				GCC_WARN_UNDECLARED_SELECTOR = YES;
				GCC_WARN_UNINITIALIZED_AUTOS = YES_AGGRESSIVE;
				GCC_WARN_UNUSED_FUNCTION = YES;
				GCC_WARN_UNUSED_VARIABLE = YES;
				IPHONEOS_DEPLOYMENT_TARGET = 9.0;
				MTL_ENABLE_DEBUG_INFO = NO;
				SDKROOT = iphoneos;
				VALIDATE_PRODUCT = YES;
			};
			name = Release;
		};
		A63558981BB2034600C5276C /* Debug */ = {
			isa = XCBuildConfiguration;
			baseConfigurationReference = 5D32FC43B4D64ABEB880A3E4 /* Pods.debug.xcconfig */;
			buildSettings = {
				ASSETCATALOG_COMPILER_APPICON_NAME = AppIcon;
				HEADER_SEARCH_PATHS = "$(inherited)";
				INFOPLIST_FILE = PTS1/Info.plist;
				IPHONEOS_DEPLOYMENT_TARGET = 8.0;
				LD_RUNPATH_SEARCH_PATHS = "$(inherited) @executable_path/Frameworks";
				LIBRARY_SEARCH_PATHS = (
					"$(inherited)",
					"$(PROJECT_DIR)/build/Debug-iphoneos",
				);
				OTHER_CFLAGS = "$(inherited)";
				OTHER_LDFLAGS = (
					"$(inherited)",
					"-ObjC",
					"-l\"sqlite3\"",
					"-l\"z\"",
					"-framework",
					"\"Foundation\"",
					"-framework",
					"\"SystemConfiguration\"",
					"-framework",
					"\"UIKit\"",
				);
				PRODUCT_BUNDLE_IDENTIFIER = edu.cs2048.asheesh.PTS1;
				PRODUCT_NAME = "$(TARGET_NAME)";
				TARGETED_DEVICE_FAMILY = 1;
			};
			name = Debug;
		};
		A63558991BB2034600C5276C /* Release */ = {
			isa = XCBuildConfiguration;
			baseConfigurationReference = 579AD946920A52C467A61C32 /* Pods.release.xcconfig */;
			buildSettings = {
				ASSETCATALOG_COMPILER_APPICON_NAME = AppIcon;
				HEADER_SEARCH_PATHS = "$(inherited)";
				INFOPLIST_FILE = PTS1/Info.plist;
				IPHONEOS_DEPLOYMENT_TARGET = 8.0;
				LD_RUNPATH_SEARCH_PATHS = "$(inherited) @executable_path/Frameworks";
				LIBRARY_SEARCH_PATHS = (
					"$(inherited)",
					"$(PROJECT_DIR)/build/Debug-iphoneos",
				);
				OTHER_CFLAGS = "$(inherited)";
				OTHER_LDFLAGS = (
					"$(inherited)",
					"-ObjC",
					"-l\"sqlite3\"",
					"-l\"z\"",
					"-framework",
					"\"Foundation\"",
					"-framework",
					"\"SystemConfiguration\"",
					"-framework",
					"\"UIKit\"",
				);
				PRODUCT_BUNDLE_IDENTIFIER = edu.cs2048.asheesh.PTS1;
				PRODUCT_NAME = "$(TARGET_NAME)";
				TARGETED_DEVICE_FAMILY = 1;
			};
			name = Release;
		};
		A69C68E51BF5780200A34EB8 /* Debug */ = {
			isa = XCBuildConfiguration;
			buildSettings = {
				INFOPLIST_FILE = PTS1UITests/Info.plist;
				IPHONEOS_DEPLOYMENT_TARGET = 9.1;
				LD_RUNPATH_SEARCH_PATHS = "$(inherited) @executable_path/Frameworks @loader_path/Frameworks";
				PRODUCT_BUNDLE_IDENTIFIER = edu.cs2048.asheesh.PTS1UITests;
				PRODUCT_NAME = "$(TARGET_NAME)";
				TEST_TARGET_NAME = PTS1;
				USES_XCTRUNNER = YES;
			};
			name = Debug;
		};
		A69C68E61BF5780200A34EB8 /* Release */ = {
			isa = XCBuildConfiguration;
			buildSettings = {
				INFOPLIST_FILE = PTS1UITests/Info.plist;
				IPHONEOS_DEPLOYMENT_TARGET = 9.1;
				LD_RUNPATH_SEARCH_PATHS = "$(inherited) @executable_path/Frameworks @loader_path/Frameworks";
				PRODUCT_BUNDLE_IDENTIFIER = edu.cs2048.asheesh.PTS1UITests;
				PRODUCT_NAME = "$(TARGET_NAME)";
				TEST_TARGET_NAME = PTS1;
				USES_XCTRUNNER = YES;
			};
			name = Release;
		};
/* End XCBuildConfiguration section */

/* Begin XCConfigurationList section */
		A63558781BB2034600C5276C /* Build configuration list for PBXProject "PTS1" */ = {
			isa = XCConfigurationList;
			buildConfigurations = (
				A63558951BB2034600C5276C /* Debug */,
				A63558961BB2034600C5276C /* Release */,
			);
			defaultConfigurationIsVisible = 0;
			defaultConfigurationName = Release;
		};
		A63558971BB2034600C5276C /* Build configuration list for PBXNativeTarget "PTS1" */ = {
			isa = XCConfigurationList;
			buildConfigurations = (
				A63558981BB2034600C5276C /* Debug */,
				A63558991BB2034600C5276C /* Release */,
			);
			defaultConfigurationIsVisible = 0;
			defaultConfigurationName = Release;
		};
		A69C68E41BF5780200A34EB8 /* Build configuration list for PBXNativeTarget "PTS1UITests" */ = {
			isa = XCConfigurationList;
			buildConfigurations = (
				A69C68E51BF5780200A34EB8 /* Debug */,
				A69C68E61BF5780200A34EB8 /* Release */,
			);
			defaultConfigurationIsVisible = 0;
			defaultConfigurationName = Release;
		};
/* End XCConfigurationList section */
	};
	rootObject = A63558751BB2034600C5276C /* Project object */;
}
